
Microsoft Visual Studio Solution File, Format Version 12.00
# Visual Studio Version 16
VisualStudioVersion = 16.0.30907.101
MinimumVisualStudioVersion = 10.0.40219.1
Project("{FAE04EC0-301F-11D3-BF4B-00C04F79EFBC}") = "Excercises_1", "Excercises_1\Excercises_1.csproj", "{C070C3E4-4A4B-4A68-8EB6-5C0CCD0DF5AF}"
EndProject
Project("{FAE04EC0-301F-11D3-BF4B-00C04F79EFBC}") = "Excercises_1.Tests", "Excercises_1.Tests\Excercises_1.Tests.csproj", "{59C4562D-639D-4D62-9C7B-89418A1C1EA2}"
EndProject
Global
	GlobalSection(SolutionConfigurationPlatforms) = preSolution
		Debug|Any CPU = Debug|Any CPU
		Release|Any CPU = Release|Any CPU
	EndGlobalSection
	GlobalSection(ProjectConfigurationPlatforms) = postSolution
		{C070C3E4-4A4B-4A68-8EB6-5C0CCD0DF5AF}.Debug|Any CPU.ActiveCfg = Debug|Any CPU
		{C070C3E4-4A4B-4A68-8EB6-5C0CCD0DF5AF}.Debug|Any CPU.Build.0 = Debug|Any CPU
		{C070C3E4-4A4B-4A68-8EB6-5C0CCD0DF5AF}.Release|Any CPU.ActiveCfg = Release|Any CPU
		{C070C3E4-4A4B-4A68-8EB6-5C0CCD0DF5AF}.Release|Any CPU.Build.0 = Release|Any CPU
		{59C4562D-639D-4D62-9C7B-89418A1C1EA2}.Debug|Any CPU.ActiveCfg = Debug|Any CPU
		{59C4562D-639D-4D62-9C7B-89418A1C1EA2}.Debug|Any CPU.Build.0 = Debug|Any CPU
		{59C4562D-639D-4D62-9C7B-89418A1C1EA2}.Release|Any CPU.ActiveCfg = Release|Any CPU
		{59C4562D-639D-4D62-9C7B-89418A1C1EA2}.Release|Any CPU.Build.0 = Release|Any CPU
	EndGlobalSection
	GlobalSection(SolutionProperties) = preSolution
		HideSolutionNode = FALSE
	EndGlobalSection
	GlobalSection(ExtensibilityGlobals) = postSolution
		SolutionGuid = {80D399FD-E987-4FB6-8030-34964AD8A489}
	EndGlobalSection
EndGlobal
